// !$*UTF8*$!
{
	archiveVersion = 1;
	classes = {
	};
	objectVersion = 56;
	objects = {

/* Begin PBXBuildFile section */
		1772B1E32A85D1EC00144C3D /* DatabaseManager.swift in Sources */ = {isa = PBXBuildFile; fileRef = 1772B1E22A85D1EC00144C3D /* DatabaseManager.swift */; };
		17943A9D2A85A2160029DEA9 /* AppDelegate.swift in Sources */ = {isa = PBXBuildFile; fileRef = 17943A9C2A85A2160029DEA9 /* AppDelegate.swift */; };
		17943A9F2A85A2160029DEA9 /* SceneDelegate.swift in Sources */ = {isa = PBXBuildFile; fileRef = 17943A9E2A85A2160029DEA9 /* SceneDelegate.swift */; };
		17943AA12A85A2160029DEA9 /* ConversationsViewController.swift in Sources */ = {isa = PBXBuildFile; fileRef = 17943AA02A85A2160029DEA9 /* ConversationsViewController.swift */; };
		17943AA42A85A2160029DEA9 /* Main.storyboard in Resources */ = {isa = PBXBuildFile; fileRef = 17943AA22A85A2160029DEA9 /* Main.storyboard */; };
		17943AA62A85A2170029DEA9 /* Assets.xcassets in Resources */ = {isa = PBXBuildFile; fileRef = 17943AA52A85A2170029DEA9 /* Assets.xcassets */; };
		17943AA92A85A2170029DEA9 /* LaunchScreen.storyboard in Resources */ = {isa = PBXBuildFile; fileRef = 17943AA72A85A2170029DEA9 /* LaunchScreen.storyboard */; };
		17943AB72A85A8AF0029DEA9 /* LoginViewController.swift in Sources */ = {isa = PBXBuildFile; fileRef = 17943AB62A85A8AF0029DEA9 /* LoginViewController.swift */; };
		17943AB92A85A8BE0029DEA9 /* RegisterViewController.swift in Sources */ = {isa = PBXBuildFile; fileRef = 17943AB82A85A8BE0029DEA9 /* RegisterViewController.swift */; };
		17943ABB2A85A8E00029DEA9 /* PhotoViewerViewController.swift in Sources */ = {isa = PBXBuildFile; fileRef = 17943ABA2A85A8E00029DEA9 /* PhotoViewerViewController.swift */; };
		17943ABD2A85A8F40029DEA9 /* VideoPlayerViewController.swift in Sources */ = {isa = PBXBuildFile; fileRef = 17943ABC2A85A8F40029DEA9 /* VideoPlayerViewController.swift */; };
		17943ABF2A85A91E0029DEA9 /* NewConversationViewController.swift in Sources */ = {isa = PBXBuildFile; fileRef = 17943ABE2A85A91E0029DEA9 /* NewConversationViewController.swift */; };
		17943AC12A85A92E0029DEA9 /* ProfileViewController.swift in Sources */ = {isa = PBXBuildFile; fileRef = 17943AC02A85A92E0029DEA9 /* ProfileViewController.swift */; };
		17943AC42A85AEFA0029DEA9 /* Extension.swift in Sources */ = {isa = PBXBuildFile; fileRef = 17943AC32A85AEFA0029DEA9 /* Extension.swift */; };
		17943AC82A85CB4D0029DEA9 /* GoogleService-Info.plist in Resources */ = {isa = PBXBuildFile; fileRef = 17943AC72A85CB4C0029DEA9 /* GoogleService-Info.plist */; };
		BCCEA4BF9049CF722D05D486 /* Pods_E_Messenger.framework in Frameworks */ = {isa = PBXBuildFile; fileRef = 11E1B1A7A6F91F4772B661B0 /* Pods_E_Messenger.framework */; };
/* End PBXBuildFile section */

/* Begin PBXFileReference section */
		11E1B1A7A6F91F4772B661B0 /* Pods_E_Messenger.framework */ = {isa = PBXFileReference; explicitFileType = wrapper.framework; includeInIndex = 0; path = Pods_E_Messenger.framework; sourceTree = BUILT_PRODUCTS_DIR; };
		12A7F319C6E7F755AA04942C /* Pods-E_Messenger.release.xcconfig */ = {isa = PBXFileReference; includeInIndex = 1; lastKnownFileType = text.xcconfig; name = "Pods-E_Messenger.release.xcconfig"; path = "Target Support Files/Pods-E_Messenger/Pods-E_Messenger.release.xcconfig"; sourceTree = "<group>"; };
		1772B1E22A85D1EC00144C3D /* DatabaseManager.swift */ = {isa = PBXFileReference; lastKnownFileType = sourcecode.swift; path = DatabaseManager.swift; sourceTree = "<group>"; };
		17943A992A85A2160029DEA9 /* E_Messenger.app */ = {isa = PBXFileReference; explicitFileType = wrapper.application; includeInIndex = 0; path = E_Messenger.app; sourceTree = BUILT_PRODUCTS_DIR; };
		17943A9C2A85A2160029DEA9 /* AppDelegate.swift */ = {isa = PBXFileReference; lastKnownFileType = sourcecode.swift; path = AppDelegate.swift; sourceTree = "<group>"; };
		17943A9E2A85A2160029DEA9 /* SceneDelegate.swift */ = {isa = PBXFileReference; lastKnownFileType = sourcecode.swift; path = SceneDelegate.swift; sourceTree = "<group>"; };
		17943AA02A85A2160029DEA9 /* ConversationsViewController.swift */ = {isa = PBXFileReference; lastKnownFileType = sourcecode.swift; path = ConversationsViewController.swift; sourceTree = "<group>"; };
		17943AA32A85A2160029DEA9 /* Base */ = {isa = PBXFileReference; lastKnownFileType = file.storyboard; name = Base; path = Base.lproj/Main.storyboard; sourceTree = "<group>"; };
		17943AA52A85A2170029DEA9 /* Assets.xcassets */ = {isa = PBXFileReference; lastKnownFileType = folder.assetcatalog; path = Assets.xcassets; sourceTree = "<group>"; };
		17943AA82A85A2170029DEA9 /* Base */ = {isa = PBXFileReference; lastKnownFileType = file.storyboard; name = Base; path = Base.lproj/LaunchScreen.storyboard; sourceTree = "<group>"; };
		17943AAA2A85A2170029DEA9 /* Info.plist */ = {isa = PBXFileReference; lastKnownFileType = text.plist.xml; path = Info.plist; sourceTree = "<group>"; };
		17943AB62A85A8AF0029DEA9 /* LoginViewController.swift */ = {isa = PBXFileReference; lastKnownFileType = sourcecode.swift; path = LoginViewController.swift; sourceTree = "<group>"; };
		17943AB82A85A8BE0029DEA9 /* RegisterViewController.swift */ = {isa = PBXFileReference; lastKnownFileType = sourcecode.swift; path = RegisterViewController.swift; sourceTree = "<group>"; };
		17943ABA2A85A8E00029DEA9 /* PhotoViewerViewController.swift */ = {isa = PBXFileReference; lastKnownFileType = sourcecode.swift; path = PhotoViewerViewController.swift; sourceTree = "<group>"; };
		17943ABC2A85A8F40029DEA9 /* VideoPlayerViewController.swift */ = {isa = PBXFileReference; lastKnownFileType = sourcecode.swift; path = VideoPlayerViewController.swift; sourceTree = "<group>"; };
		17943ABE2A85A91E0029DEA9 /* NewConversationViewController.swift */ = {isa = PBXFileReference; lastKnownFileType = sourcecode.swift; path = NewConversationViewController.swift; sourceTree = "<group>"; };
		17943AC02A85A92E0029DEA9 /* ProfileViewController.swift */ = {isa = PBXFileReference; lastKnownFileType = sourcecode.swift; path = ProfileViewController.swift; sourceTree = "<group>"; };
		17943AC32A85AEFA0029DEA9 /* Extension.swift */ = {isa = PBXFileReference; lastKnownFileType = sourcecode.swift; path = Extension.swift; sourceTree = "<group>"; };
		17943AC72A85CB4C0029DEA9 /* GoogleService-Info.plist */ = {isa = PBXFileReference; lastKnownFileType = text.plist; path = "GoogleService-Info.plist"; sourceTree = SOURCE_ROOT; };
		421D820D33B127318B17DD37 /* Pods-E_Messenger.debug.xcconfig */ = {isa = PBXFileReference; includeInIndex = 1; lastKnownFileType = text.xcconfig; name = "Pods-E_Messenger.debug.xcconfig"; path = "Target Support Files/Pods-E_Messenger/Pods-E_Messenger.debug.xcconfig"; sourceTree = "<group>"; };
/* End PBXFileReference section */

/* Begin PBXFrameworksBuildPhase section */
		17943A962A85A2160029DEA9 /* Frameworks */ = {
			isa = PBXFrameworksBuildPhase;
			buildActionMask = 2147483647;
			files = (
				BCCEA4BF9049CF722D05D486 /* Pods_E_Messenger.framework in Frameworks */,
			);
			runOnlyForDeploymentPostprocessing = 0;
		};
/* End PBXFrameworksBuildPhase section */

/* Begin PBXGroup section */
		11A401B64EC031163B6C68F8 /* Frameworks */ = {
			isa = PBXGroup;
			children = (
				11E1B1A7A6F91F4772B661B0 /* Pods_E_Messenger.framework */,
			);
			name = Frameworks;
			sourceTree = "<group>";
		};
		17943A902A85A2160029DEA9 = {
			isa = PBXGroup;
			children = (
				17943A9B2A85A2160029DEA9 /* E_Messenger */,
				17943A9A2A85A2160029DEA9 /* Products */,
				D588D24540FD943660339022 /* Pods */,
				11A401B64EC031163B6C68F8 /* Frameworks */,
			);
			sourceTree = "<group>";
		};
		17943A9A2A85A2160029DEA9 /* Products */ = {
			isa = PBXGroup;
			children = (
				17943A992A85A2160029DEA9 /* E_Messenger.app */,
			);
			name = Products;
			sourceTree = "<group>";
		};
		17943A9B2A85A2160029DEA9 /* E_Messenger */ = {
			isa = PBXGroup;
			children = (
				17943AB42A85A8020029DEA9 /* Resources */,
				17943AB32A85A7FB0029DEA9 /* ViewModels */,
				17943AB22A85A7F50029DEA9 /* Models */,
				17943AB12A85A7EE0029DEA9 /* Views */,
				17943AB02A85A7E50029DEA9 /* Controllers */,
				17943AAA2A85A2170029DEA9 /* Info.plist */,
				17943AC72A85CB4C0029DEA9 /* GoogleService-Info.plist */,
			);
			path = E_Messenger;
			sourceTree = "<group>";
		};
		17943AB02A85A7E50029DEA9 /* Controllers */ = {
			isa = PBXGroup;
			children = (
				17943AA02A85A2160029DEA9 /* ConversationsViewController.swift */,
				17943AC22A85AAF90029DEA9 /* Login_Register */,
				17943ABA2A85A8E00029DEA9 /* PhotoViewerViewController.swift */,
				17943ABC2A85A8F40029DEA9 /* VideoPlayerViewController.swift */,
				17943ABE2A85A91E0029DEA9 /* NewConversationViewController.swift */,
				17943AC02A85A92E0029DEA9 /* ProfileViewController.swift */,
			);
			path = Controllers;
			sourceTree = "<group>";
		};
		17943AB12A85A7EE0029DEA9 /* Views */ = {
			isa = PBXGroup;
			children = (
				17943AB52A85A82A0029DEA9 /* Storyboards */,
				17943AA52A85A2170029DEA9 /* Assets.xcassets */,
			);
			path = Views;
			sourceTree = "<group>";
		};
		17943AB22A85A7F50029DEA9 /* Models */ = {
			isa = PBXGroup;
			children = (
			);
			path = Models;
			sourceTree = "<group>";
		};
		17943AB32A85A7FB0029DEA9 /* ViewModels */ = {
			isa = PBXGroup;
			children = (
			);
			path = ViewModels;
			sourceTree = "<group>";
		};
		17943AB42A85A8020029DEA9 /* Resources */ = {
			isa = PBXGroup;
			children = (
				17943A9C2A85A2160029DEA9 /* AppDelegate.swift */,
				17943A9E2A85A2160029DEA9 /* SceneDelegate.swift */,
				17943AC32A85AEFA0029DEA9 /* Extension.swift */,
				1772B1E22A85D1EC00144C3D /* DatabaseManager.swift */,
			);
			path = Resources;
			sourceTree = "<group>";
		};
		17943AB52A85A82A0029DEA9 /* Storyboards */ = {
			isa = PBXGroup;
			children = (
				17943AA22A85A2160029DEA9 /* Main.storyboard */,
				17943AA72A85A2170029DEA9 /* LaunchScreen.storyboard */,
			);
			path = Storyboards;
			sourceTree = "<group>";
		};
		17943AC22A85AAF90029DEA9 /* Login_Register */ = {
			isa = PBXGroup;
			children = (
				17943AB62A85A8AF0029DEA9 /* LoginViewController.swift */,
				17943AB82A85A8BE0029DEA9 /* RegisterViewController.swift */,
			);
			path = Login_Register;
			sourceTree = "<group>";
		};
		D588D24540FD943660339022 /* Pods */ = {
			isa = PBXGroup;
			children = (
				421D820D33B127318B17DD37 /* Pods-E_Messenger.debug.xcconfig */,
				12A7F319C6E7F755AA04942C /* Pods-E_Messenger.release.xcconfig */,
			);
			path = Pods;
			sourceTree = "<group>";
		};
/* End PBXGroup section */

/* Begin PBXNativeTarget section */
		17943A982A85A2160029DEA9 /* E_Messenger */ = {
			isa = PBXNativeTarget;
			buildConfigurationList = 17943AAD2A85A2170029DEA9 /* Build configuration list for PBXNativeTarget "E_Messenger" */;
			buildPhases = (
				6E145F6F4575747DBAEEDAED /* [CP] Check Pods Manifest.lock */,
				17943A952A85A2160029DEA9 /* Sources */,
				17943A962A85A2160029DEA9 /* Frameworks */,
				17943A972A85A2160029DEA9 /* Resources */,
				E0FC93E1092FE73D963C813D /* [CP] Embed Pods Frameworks */,
			);
			buildRules = (
			);
			dependencies = (
			);
			name = E_Messenger;
			productName = E_Messenger;
			productReference = 17943A992A85A2160029DEA9 /* E_Messenger.app */;
			productType = "com.apple.product-type.application";
		};
/* End PBXNativeTarget section */

/* Begin PBXProject section */
		17943A912A85A2160029DEA9 /* Project object */ = {
			isa = PBXProject;
			attributes = {
				BuildIndependentTargetsInParallel = 1;
				LastSwiftUpdateCheck = 1430;
				LastUpgradeCheck = 1430;
				TargetAttributes = {
					17943A982A85A2160029DEA9 = {
						CreatedOnToolsVersion = 14.3.1;
					};
				};
			};
			buildConfigurationList = 17943A942A85A2160029DEA9 /* Build configuration list for PBXProject "E_Messenger" */;
			compatibilityVersion = "Xcode 14.0";
			developmentRegion = en;
			hasScannedForEncodings = 0;
			knownRegions = (
				en,
				Base,
			);
			mainGroup = 17943A902A85A2160029DEA9;
			productRefGroup = 17943A9A2A85A2160029DEA9 /* Products */;
			projectDirPath = "";
			projectRoot = "";
			targets = (
				17943A982A85A2160029DEA9 /* E_Messenger */,
			);
		};
/* End PBXProject section */

/* Begin PBXResourcesBuildPhase section */
		17943A972A85A2160029DEA9 /* Resources */ = {
			isa = PBXResourcesBuildPhase;
			buildActionMask = 2147483647;
			files = (
				17943AA92A85A2170029DEA9 /* LaunchScreen.storyboard in Resources */,
				17943AC82A85CB4D0029DEA9 /* GoogleService-Info.plist in Resources */,
				17943AA62A85A2170029DEA9 /* Assets.xcassets in Resources */,
				17943AA42A85A2160029DEA9 /* Main.storyboard in Resources */,
			);
			runOnlyForDeploymentPostprocessing = 0;
		};
/* End PBXResourcesBuildPhase section */

/* Begin PBXShellScriptBuildPhase section */
		6E145F6F4575747DBAEEDAED /* [CP] Check Pods Manifest.lock */ = {
			isa = PBXShellScriptBuildPhase;
			buildActionMask = 2147483647;
			files = (
			);
			inputFileListPaths = (
			);
			inputPaths = (
				"${PODS_PODFILE_DIR_PATH}/Podfile.lock",
				"${PODS_ROOT}/Manifest.lock",
			);
			name = "[CP] Check Pods Manifest.lock";
			outputFileListPaths = (
			);
			outputPaths = (
				"$(DERIVED_FILE_DIR)/Pods-E_Messenger-checkManifestLockResult.txt",
			);
			runOnlyForDeploymentPostprocessing = 0;
			shellPath = /bin/sh;
			shellScript = "diff \"${PODS_PODFILE_DIR_PATH}/Podfile.lock\" \"${PODS_ROOT}/Manifest.lock\" > /dev/null\nif [ $? != 0 ] ; then\n    # print error to STDERR\n    echo \"error: The sandbox is not in sync with the Podfile.lock. Run 'pod install' or update your CocoaPods installation.\" >&2\n    exit 1\nfi\n# This output is used by Xcode 'outputs' to avoid re-running this script phase.\necho \"SUCCESS\" > \"${SCRIPT_OUTPUT_FILE_0}\"\n";
			showEnvVarsInLog = 0;
		};
		E0FC93E1092FE73D963C813D /* [CP] Embed Pods Frameworks */ = {
			isa = PBXShellScriptBuildPhase;
			buildActionMask = 2147483647;
			files = (
			);
			inputFileListPaths = (
				"${PODS_ROOT}/Target Support Files/Pods-E_Messenger/Pods-E_Messenger-frameworks-${CONFIGURATION}-input-files.xcfilelist",
			);
			name = "[CP] Embed Pods Frameworks";
			outputFileListPaths = (
				"${PODS_ROOT}/Target Support Files/Pods-E_Messenger/Pods-E_Messenger-frameworks-${CONFIGURATION}-output-files.xcfilelist",
			);
			runOnlyForDeploymentPostprocessing = 0;
			shellPath = /bin/sh;
			shellScript = "\"${PODS_ROOT}/Target Support Files/Pods-E_Messenger/Pods-E_Messenger-frameworks.sh\"\n";
			showEnvVarsInLog = 0;
		};
/* End PBXShellScriptBuildPhase section */

/* Begin PBXSourcesBuildPhase section */
		17943A952A85A2160029DEA9 /* Sources */ = {
			isa = PBXSourcesBuildPhase;
			buildActionMask = 2147483647;
			files = (
				17943AB72A85A8AF0029DEA9 /* LoginViewController.swift in Sources */,
				1772B1E32A85D1EC00144C3D /* DatabaseManager.swift in Sources */,
				17943AB92A85A8BE0029DEA9 /* RegisterViewController.swift in Sources */,
				17943ABF2A85A91E0029DEA9 /* NewConversationViewController.swift in Sources */,
				17943AA12A85A2160029DEA9 /* ConversationsViewController.swift in Sources */,
				17943ABD2A85A8F40029DEA9 /* VideoPlayerViewController.swift in Sources */,
				17943AC42A85AEFA0029DEA9 /* Extension.swift in Sources */,
				17943A9D2A85A2160029DEA9 /* AppDelegate.swift in Sources */,
				17943AC12A85A92E0029DEA9 /* ProfileViewController.swift in Sources */,
				17943A9F2A85A2160029DEA9 /* SceneDelegate.swift in Sources */,
				17943ABB2A85A8E00029DEA9 /* PhotoViewerViewController.swift in Sources */,
			);
			runOnlyForDeploymentPostprocessing = 0;
		};
/* End PBXSourcesBuildPhase section */

/* Begin PBXVariantGroup section */
		17943AA22A85A2160029DEA9 /* Main.storyboard */ = {
			isa = PBXVariantGroup;
			children = (
				17943AA32A85A2160029DEA9 /* Base */,
			);
			name = Main.storyboard;
			sourceTree = "<group>";
		};
		17943AA72A85A2170029DEA9 /* LaunchScreen.storyboard */ = {
			isa = PBXVariantGroup;
			children = (
				17943AA82A85A2170029DEA9 /* Base */,
			);
			name = LaunchScreen.storyboard;
			sourceTree = "<group>";
		};
/* End PBXVariantGroup section */

/* Begin XCBuildConfiguration section */
		17943AAB2A85A2170029DEA9 /* Debug */ = {
			isa = XCBuildConfiguration;
			buildSettings = {
				ALWAYS_SEARCH_USER_PATHS = NO;
				CLANG_ANALYZER_NONNULL = YES;
				CLANG_ANALYZER_NUMBER_OBJECT_CONVERSION = YES_AGGRESSIVE;
				CLANG_CXX_LANGUAGE_STANDARD = "gnu++20";
				CLANG_ENABLE_MODULES = YES;
				CLANG_ENABLE_OBJC_ARC = YES;
				CLANG_ENABLE_OBJC_WEAK = YES;
				CLANG_WARN_BLOCK_CAPTURE_AUTORELEASING = YES;
				CLANG_WARN_BOOL_CONVERSION = YES;
				CLANG_WARN_COMMA = YES;
				CLANG_WARN_CONSTANT_CONVERSION = YES;
				CLANG_WARN_DEPRECATED_OBJC_IMPLEMENTATIONS = YES;
				CLANG_WARN_DIRECT_OBJC_ISA_USAGE = YES_ERROR;
				CLANG_WARN_DOCUMENTATION_COMMENTS = YES;
				CLANG_WARN_EMPTY_BODY = YES;
				CLANG_WARN_ENUM_CONVERSION = YES;
				CLANG_WARN_INFINITE_RECURSION = YES;
				CLANG_WARN_INT_CONVERSION = YES;
				CLANG_WARN_NON_LITERAL_NULL_CONVERSION = YES;
				CLANG_WARN_OBJC_IMPLICIT_RETAIN_SELF = YES;
				CLANG_WARN_OBJC_LITERAL_CONVERSION = YES;
				CLANG_WARN_OBJC_ROOT_CLASS = YES_ERROR;
				CLANG_WARN_QUOTED_INCLUDE_IN_FRAMEWORK_HEADER = YES;
				CLANG_WARN_RANGE_LOOP_ANALYSIS = YES;
				CLANG_WARN_STRICT_PROTOTYPES = YES;
				CLANG_WARN_SUSPICIOUS_MOVE = YES;
				CLANG_WARN_UNGUARDED_AVAILABILITY = YES_AGGRESSIVE;
				CLANG_WARN_UNREACHABLE_CODE = YES;
				CLANG_WARN__DUPLICATE_METHOD_MATCH = YES;
				COPY_PHASE_STRIP = NO;
				DEBUG_INFORMATION_FORMAT = dwarf;
				ENABLE_STRICT_OBJC_MSGSEND = YES;
				ENABLE_TESTABILITY = YES;
				GCC_C_LANGUAGE_STANDARD = gnu11;
				GCC_DYNAMIC_NO_PIC = NO;
				GCC_NO_COMMON_BLOCKS = YES;
				GCC_OPTIMIZATION_LEVEL = 0;
				GCC_PREPROCESSOR_DEFINITIONS = (
					"DEBUG=1",
					"$(inherited)",
				);
				GCC_WARN_64_TO_32_BIT_CONVERSION = YES;
				GCC_WARN_ABOUT_RETURN_TYPE = YES_ERROR;
				GCC_WARN_UNDECLARED_SELECTOR = YES;
				GCC_WARN_UNINITIALIZED_AUTOS = YES_AGGRESSIVE;
				GCC_WARN_UNUSED_FUNCTION = YES;
				GCC_WARN_UNUSED_VARIABLE = YES;
				IPHONEOS_DEPLOYMENT_TARGET = 16.4;
				MTL_ENABLE_DEBUG_INFO = INCLUDE_SOURCE;
				MTL_FAST_MATH = YES;
				ONLY_ACTIVE_ARCH = YES;
				SDKROOT = iphoneos;
				SWIFT_ACTIVE_COMPILATION_CONDITIONS = DEBUG;
				SWIFT_OPTIMIZATION_LEVEL = "-Onone";
			};
			name = Debug;
		};
		17943AAC2A85A2170029DEA9 /* Release */ = {
			isa = XCBuildConfiguration;
			buildSettings = {
				ALWAYS_SEARCH_USER_PATHS = NO;
				CLANG_ANALYZER_NONNULL = YES;
				CLANG_ANALYZER_NUMBER_OBJECT_CONVERSION = YES_AGGRESSIVE;
				CLANG_CXX_LANGUAGE_STANDARD = "gnu++20";
				CLANG_ENABLE_MODULES = YES;
				CLANG_ENABLE_OBJC_ARC = YES;
				CLANG_ENABLE_OBJC_WEAK = YES;
				CLANG_WARN_BLOCK_CAPTURE_AUTORELEASING = YES;
				CLANG_WARN_BOOL_CONVERSION = YES;
				CLANG_WARN_COMMA = YES;
				CLANG_WARN_CONSTANT_CONVERSION = YES;
				CLANG_WARN_DEPRECATED_OBJC_IMPLEMENTATIONS = YES;
				CLANG_WARN_DIRECT_OBJC_ISA_USAGE = YES_ERROR;
				CLANG_WARN_DOCUMENTATION_COMMENTS = YES;
				CLANG_WARN_EMPTY_BODY = YES;
				CLANG_WARN_ENUM_CONVERSION = YES;
				CLANG_WARN_INFINITE_RECURSION = YES;
				CLANG_WARN_INT_CONVERSION = YES;
				CLANG_WARN_NON_LITERAL_NULL_CONVERSION = YES;
				CLANG_WARN_OBJC_IMPLICIT_RETAIN_SELF = YES;
				CLANG_WARN_OBJC_LITERAL_CONVERSION = YES;
				CLANG_WARN_OBJC_ROOT_CLASS = YES_ERROR;
				CLANG_WARN_QUOTED_INCLUDE_IN_FRAMEWORK_HEADER = YES;
				CLANG_WARN_RANGE_LOOP_ANALYSIS = YES;
				CLANG_WARN_STRICT_PROTOTYPES = YES;
				CLANG_WARN_SUSPICIOUS_MOVE = YES;
				CLANG_WARN_UNGUARDED_AVAILABILITY = YES_AGGRESSIVE;
				CLANG_WARN_UNREACHABLE_CODE = YES;
				CLANG_WARN__DUPLICATE_METHOD_MATCH = YES;
				COPY_PHASE_STRIP = NO;
				DEBUG_INFORMATION_FORMAT = "dwarf-with-dsym";
				ENABLE_NS_ASSERTIONS = NO;
				ENABLE_STRICT_OBJC_MSGSEND = YES;
				GCC_C_LANGUAGE_STANDARD = gnu11;
				GCC_NO_COMMON_BLOCKS = YES;
				GCC_WARN_64_TO_32_BIT_CONVERSION = YES;
				GCC_WARN_ABOUT_RETURN_TYPE = YES_ERROR;
				GCC_WARN_UNDECLARED_SELECTOR = YES;
				GCC_WARN_UNINITIALIZED_AUTOS = YES_AGGRESSIVE;
				GCC_WARN_UNUSED_FUNCTION = YES;
				GCC_WARN_UNUSED_VARIABLE = YES;
				IPHONEOS_DEPLOYMENT_TARGET = 16.4;
				MTL_ENABLE_DEBUG_INFO = NO;
				MTL_FAST_MATH = YES;
				SDKROOT = iphoneos;
				SWIFT_COMPILATION_MODE = wholemodule;
				SWIFT_OPTIMIZATION_LEVEL = "-O";
				VALIDATE_PRODUCT = YES;
			};
			name = Release;
		};
		17943AAE2A85A2170029DEA9 /* Debug */ = {
			isa = XCBuildConfiguration;
			baseConfigurationReference = 421D820D33B127318B17DD37 /* Pods-E_Messenger.debug.xcconfig */;
			buildSettings = {
				ASSETCATALOG_COMPILER_APPICON_NAME = AppIcon;
				ASSETCATALOG_COMPILER_GLOBAL_ACCENT_COLOR_NAME = AccentColor;
				CODE_SIGN_STYLE = Automatic;
				CURRENT_PROJECT_VERSION = 1;
				GENERATE_INFOPLIST_FILE = YES;
				INFOPLIST_FILE = E_Messenger/Info.plist;
				INFOPLIST_KEY_UIApplicationSupportsIndirectInputEvents = YES;
				INFOPLIST_KEY_UILaunchStoryboardName = LaunchScreen;
				INFOPLIST_KEY_UIMainStoryboardFile = Main;
				INFOPLIST_KEY_UISupportedInterfaceOrientations = UIInterfaceOrientationPortrait;
				LD_RUNPATH_SEARCH_PATHS = (
					"$(inherited)",
					"@executable_path/Frameworks",
				);
				MARKETING_VERSION = 1.0;
				PRODUCT_BUNDLE_IDENTIFIER = "Justin-Zhang.E-Messenger";
				PRODUCT_NAME = "$(TARGET_NAME)";
				SWIFT_EMIT_LOC_STRINGS = YES;
				SWIFT_VERSION = 5.0;
				TARGETED_DEVICE_FAMILY = "1,2";
			};
			name = Debug;
		};
		17943AAF2A85A2170029DEA9 /* Release */ = {
			isa = XCBuildConfiguration;
			baseConfigurationReference = 12A7F319C6E7F755AA04942C /* Pods-E_Messenger.release.xcconfig */;
			buildSettings = {
				ASSETCATALOG_COMPILER_APPICON_NAME = AppIcon;
				ASSETCATALOG_COMPILER_GLOBAL_ACCENT_COLOR_NAME = AccentColor;
				CODE_SIGN_STYLE = Automatic;
				CURRENT_PROJECT_VERSION = 1;
				GENERATE_INFOPLIST_FILE = YES;
				INFOPLIST_FILE = E_Messenger/Info.plist;
				INFOPLIST_KEY_UIApplicationSupportsIndirectInputEvents = YES;
				INFOPLIST_KEY_UILaunchStoryboardName = LaunchScreen;
				INFOPLIST_KEY_UIMainStoryboardFile = Main;
				INFOPLIST_KEY_UISupportedInterfaceOrientations = UIInterfaceOrientationPortrait;
				LD_RUNPATH_SEARCH_PATHS = (
					"$(inherited)",
					"@executable_path/Frameworks",
				);
				MARKETING_VERSION = 1.0;
				PRODUCT_BUNDLE_IDENTIFIER = "Justin-Zhang.E-Messenger";
				PRODUCT_NAME = "$(TARGET_NAME)";
				SWIFT_EMIT_LOC_STRINGS = YES;
				SWIFT_VERSION = 5.0;
				TARGETED_DEVICE_FAMILY = "1,2";
			};
			name = Release;
		};
/* End XCBuildConfiguration section */

/* Begin XCConfigurationList section */
		17943A942A85A2160029DEA9 /* Build configuration list for PBXProject "E_Messenger" */ = {
			isa = XCConfigurationList;
			buildConfigurations = (
				17943AAB2A85A2170029DEA9 /* Debug */,
				17943AAC2A85A2170029DEA9 /* Release */,
			);
			defaultConfigurationIsVisible = 0;
			defaultConfigurationName = Release;
		};
		17943AAD2A85A2170029DEA9 /* Build configuration list for PBXNativeTarget "E_Messenger" */ = {
			isa = XCConfigurationList;
			buildConfigurations = (
				17943AAE2A85A2170029DEA9 /* Debug */,
				17943AAF2A85A2170029DEA9 /* Release */,
			);
			defaultConfigurationIsVisible = 0;
			defaultConfigurationName = Release;
		};
/* End XCConfigurationList section */
	};
	rootObject = 17943A912A85A2160029DEA9 /* Project object */;
}
